// !$*UTF8*$!
{
	archiveVersion = 1;
	classes = {
	};
	objectVersion = 56;
	objects = {

/* Begin PBXBuildFile section */
		E0312951299741B20015287F /* CountdownApp.swift in Sources */ = {isa = PBXBuildFile; fileRef = E0312950299741B20015287F /* CountdownApp.swift */; };
		E0312953299741B20015287F /* ContentView.swift in Sources */ = {isa = PBXBuildFile; fileRef = E0312952299741B20015287F /* ContentView.swift */; };
		E0312955299741B30015287F /* Assets.xcassets in Resources */ = {isa = PBXBuildFile; fileRef = E0312954299741B30015287F /* Assets.xcassets */; };
		E0312958299741B30015287F /* Preview Assets.xcassets in Resources */ = {isa = PBXBuildFile; fileRef = E0312957299741B30015287F /* Preview Assets.xcassets */; };
		E031295A299741B30015287F /* Persistence.swift in Sources */ = {isa = PBXBuildFile; fileRef = E0312959299741B30015287F /* Persistence.swift */; };
		E031295D299741B30015287F /* Countdown.xcdatamodeld in Sources */ = {isa = PBXBuildFile; fileRef = E031295B299741B30015287F /* Countdown.xcdatamodeld */; };
		E031298129974D600015287F /* AppDelegate.swift in Sources */ = {isa = PBXBuildFile; fileRef = E031298029974D600015287F /* AppDelegate.swift */; };
		E031298329974DB50015287F /* SceneDelegate.swift in Sources */ = {isa = PBXBuildFile; fileRef = E031298229974DB50015287F /* SceneDelegate.swift */; };
		E03129852997541E0015287F /* EventDetail.swift in Sources */ = {isa = PBXBuildFile; fileRef = E03129842997541E0015287F /* EventDetail.swift */; };
		E0312987299754560015287F /* EventKitUIWrappers.swift in Sources */ = {isa = PBXBuildFile; fileRef = E0312986299754560015287F /* EventKitUIWrappers.swift */; };
		E0312989299754760015287F /* EventRow.swift in Sources */ = {isa = PBXBuildFile; fileRef = E0312988299754760015287F /* EventRow.swift */; };
		E031298B299754A60015287F /* IAPview.swift in Sources */ = {isa = PBXBuildFile; fileRef = E031298A299754A60015287F /* IAPview.swift */; };
		E031298D299754CB0015287F /* SettingsView.swift in Sources */ = {isa = PBXBuildFile; fileRef = E031298C299754CB0015287F /* SettingsView.swift */; };
		E0312990299754FF0015287F /* CommonUI.swift in Sources */ = {isa = PBXBuildFile; fileRef = E031298F299754FF0015287F /* CommonUI.swift */; };
		E0312992299755210015287F /* Router.swift in Sources */ = {isa = PBXBuildFile; fileRef = E0312991299755210015287F /* Router.swift */; };
		E03129942997555A0015287F /* CDTodayVC.swift in Sources */ = {isa = PBXBuildFile; fileRef = E03129932997555A0015287F /* CDTodayVC.swift */; };
		E0312996299755740015287F /* Ext.swift in Sources */ = {isa = PBXBuildFile; fileRef = E0312995299755740015287F /* Ext.swift */; };
		E0312998299755A10015287F /* FavoriteEvent.swift in Sources */ = {isa = PBXBuildFile; fileRef = E0312997299755A10015287F /* FavoriteEvent.swift */; };
		E031299A299756550015287F /* TodayViews.swift in Sources */ = {isa = PBXBuildFile; fileRef = E0312999299756550015287F /* TodayViews.swift */; };
		E031299C2997568D0015287F /* Utils.swift in Sources */ = {isa = PBXBuildFile; fileRef = E031299B2997568D0015287F /* Utils.swift */; };
		E03129A2299757940015287F /* SwiftyStoreKit in Frameworks */ = {isa = PBXBuildFile; productRef = E03129A1299757940015287F /* SwiftyStoreKit */; };
		E03129A52997579A0015287F /* SwiftDate in Frameworks */ = {isa = PBXBuildFile; productRef = E03129A42997579A0015287F /* SwiftDate */; };
		E03129A8299757DE0015287F /* MIDataStore in Frameworks */ = {isa = PBXBuildFile; productRef = E03129A7299757DE0015287F /* MIDataStore */; };
		E03129AA299758C10015287F /* HomeView.swift in Sources */ = {isa = PBXBuildFile; fileRef = E03129A9299758C10015287F /* HomeView.swift */; };
		E03129AF29975A3A0015287F /* SwiftyUserInterface in Frameworks */ = {isa = PBXBuildFile; productRef = E03129AE29975A3A0015287F /* SwiftyUserInterface */; };
		E052114D29A4A47600271E16 /* SmallWidgetSingleEventView.swift in Sources */ = {isa = PBXBuildFile; fileRef = E052114C29A4A47600271E16 /* SmallWidgetSingleEventView.swift */; };
		E0CC9E1029A0D49500F46E58 /* NoEventsView.swift in Sources */ = {isa = PBXBuildFile; fileRef = E0CC9E0F29A0D49500F46E58 /* NoEventsView.swift */; };
		E0D71A1D299DF50800E79F2F /* NSCustomPersistentContainer.swift in Sources */ = {isa = PBXBuildFile; fileRef = E0D71A1C299DF50800E79F2F /* NSCustomPersistentContainer.swift */; };
		E0D71A1E299DFC1200E79F2F /* Countdown.xcdatamodeld in Sources */ = {isa = PBXBuildFile; fileRef = E031295B299741B30015287F /* Countdown.xcdatamodeld */; };
		E0D71A1F299DFC1800E79F2F /* Persistence.swift in Sources */ = {isa = PBXBuildFile; fileRef = E0312959299741B30015287F /* Persistence.swift */; };
		E0D71A25299DFCA100E79F2F /* CDSmallWidgetView.swift in Sources */ = {isa = PBXBuildFile; fileRef = E0D71A24299DFCA100E79F2F /* CDSmallWidgetView.swift */; };
		E0D71A27299DFDFB00E79F2F /* Helper.swift in Sources */ = {isa = PBXBuildFile; fileRef = E0D71A26299DFDFB00E79F2F /* Helper.swift */; };
		E0D71A2F299E001900E79F2F /* NSCustomPersistentContainer.swift in Sources */ = {isa = PBXBuildFile; fileRef = E0D71A1C299DF50800E79F2F /* NSCustomPersistentContainer.swift */; };
		E0D71A31299E002F00E79F2F /* SwiftDate in Frameworks */ = {isa = PBXBuildFile; productRef = E0D71A30299E002F00E79F2F /* SwiftDate */; };
		E0D71A33299E053700E79F2F /* Ext.swift in Sources */ = {isa = PBXBuildFile; fileRef = E0312995299755740015287F /* Ext.swift */; };
		E0D71A34299E053A00E79F2F /* FavoriteEvent.swift in Sources */ = {isa = PBXBuildFile; fileRef = E0312997299755A10015287F /* FavoriteEvent.swift */; };
		E0D71A35299E053C00E79F2F /* Utils.swift in Sources */ = {isa = PBXBuildFile; fileRef = E031299B2997568D0015287F /* Utils.swift */; };
		E0D71A37299E0AC500E79F2F /* EventKit.framework in Frameworks */ = {isa = PBXBuildFile; fileRef = E0D71A36299E0AC500E79F2F /* EventKit.framework */; };
		E0ED779C299CF55A00003A2B /* WidgetKit.framework in Frameworks */ = {isa = PBXBuildFile; fileRef = E0ED779B299CF55A00003A2B /* WidgetKit.framework */; };
		E0ED779E299CF55A00003A2B /* SwiftUI.framework in Frameworks */ = {isa = PBXBuildFile; fileRef = E0ED779D299CF55A00003A2B /* SwiftUI.framework */; };
		E0ED77A1299CF55A00003A2B /* CDWidgetBundle.swift in Sources */ = {isa = PBXBuildFile; fileRef = E0ED77A0299CF55A00003A2B /* CDWidgetBundle.swift */; };
		E0ED77A3299CF55A00003A2B /* CDWidgetLiveActivity.swift in Sources */ = {isa = PBXBuildFile; fileRef = E0ED77A2299CF55A00003A2B /* CDWidgetLiveActivity.swift */; };
		E0ED77A5299CF55A00003A2B /* CDWidget.swift in Sources */ = {isa = PBXBuildFile; fileRef = E0ED77A4299CF55A00003A2B /* CDWidget.swift */; };
		E0ED77A8299CF55A00003A2B /* Assets.xcassets in Resources */ = {isa = PBXBuildFile; fileRef = E0ED77A7299CF55A00003A2B /* Assets.xcassets */; };
		E0ED77AA299CF55A00003A2B /* CDWidget.intentdefinition in Sources */ = {isa = PBXBuildFile; fileRef = E0ED77A6299CF55A00003A2B /* CDWidget.intentdefinition */; };
		E0ED77AB299CF55A00003A2B /* CDWidget.intentdefinition in Sources */ = {isa = PBXBuildFile; fileRef = E0ED77A6299CF55A00003A2B /* CDWidget.intentdefinition */; };
		E0ED77AE299CF55A00003A2B /* CDWidgetExtension.appex in Embed Foundation Extensions */ = {isa = PBXBuildFile; fileRef = E0ED779A299CF55A00003A2B /* CDWidgetExtension.appex */; settings = {ATTRIBUTES = (RemoveHeadersOnCopy, ); }; };
/* End PBXBuildFile section */

/* Begin PBXContainerItemProxy section */
		E0ED77AC299CF55A00003A2B /* PBXContainerItemProxy */ = {
			isa = PBXContainerItemProxy;
			containerPortal = E0312945299741B20015287F /* Project object */;
			proxyType = 1;
			remoteGlobalIDString = E0ED7799299CF55A00003A2B;
			remoteInfo = CDWidgetExtension;
		};
/* End PBXContainerItemProxy section */

/* Begin PBXCopyFilesBuildPhase section */
		E0ED77AF299CF55A00003A2B /* Embed Foundation Extensions */ = {
			isa = PBXCopyFilesBuildPhase;
			buildActionMask = 2147483647;
			dstPath = "";
			dstSubfolderSpec = 13;
			files = (
				E0ED77AE299CF55A00003A2B /* CDWidgetExtension.appex in Embed Foundation Extensions */,
			);
			name = "Embed Foundation Extensions";
			runOnlyForDeploymentPostprocessing = 0;
		};
/* End PBXCopyFilesBuildPhase section */

/* Begin PBXFileReference section */
		E031294D299741B20015287F /* Countdown.app */ = {isa = PBXFileReference; explicitFileType = wrapper.application; includeInIndex = 0; path = Countdown.app; sourceTree = BUILT_PRODUCTS_DIR; };
		E0312950299741B20015287F /* CountdownApp.swift */ = {isa = PBXFileReference; lastKnownFileType = sourcecode.swift; path = CountdownApp.swift; sourceTree = "<group>"; };
		E0312952299741B20015287F /* ContentView.swift */ = {isa = PBXFileReference; lastKnownFileType = sourcecode.swift; path = ContentView.swift; sourceTree = "<group>"; };
		E0312954299741B30015287F /* Assets.xcassets */ = {isa = PBXFileReference; lastKnownFileType = folder.assetcatalog; path = Assets.xcassets; sourceTree = "<group>"; };
		E0312957299741B30015287F /* Preview Assets.xcassets */ = {isa = PBXFileReference; lastKnownFileType = folder.assetcatalog; path = "Preview Assets.xcassets"; sourceTree = "<group>"; };
		E0312959299741B30015287F /* Persistence.swift */ = {isa = PBXFileReference; lastKnownFileType = sourcecode.swift; path = Persistence.swift; sourceTree = "<group>"; };
		E031295C299741B30015287F /* Countdown.xcdatamodel */ = {isa = PBXFileReference; lastKnownFileType = wrapper.xcdatamodel; path = Countdown.xcdatamodel; sourceTree = "<group>"; };
		E031298029974D600015287F /* AppDelegate.swift */ = {isa = PBXFileReference; lastKnownFileType = sourcecode.swift; path = AppDelegate.swift; sourceTree = "<group>"; };
		E031298229974DB50015287F /* SceneDelegate.swift */ = {isa = PBXFileReference; lastKnownFileType = sourcecode.swift; path = SceneDelegate.swift; sourceTree = "<group>"; };
		E03129842997541E0015287F /* EventDetail.swift */ = {isa = PBXFileReference; lastKnownFileType = sourcecode.swift; path = EventDetail.swift; sourceTree = "<group>"; };
		E0312986299754560015287F /* EventKitUIWrappers.swift */ = {isa = PBXFileReference; lastKnownFileType = sourcecode.swift; path = EventKitUIWrappers.swift; sourceTree = "<group>"; };
		E0312988299754760015287F /* EventRow.swift */ = {isa = PBXFileReference; lastKnownFileType = sourcecode.swift; path = EventRow.swift; sourceTree = "<group>"; };
		E031298A299754A60015287F /* IAPview.swift */ = {isa = PBXFileReference; lastKnownFileType = sourcecode.swift; path = IAPview.swift; sourceTree = "<group>"; };
		E031298C299754CB0015287F /* SettingsView.swift */ = {isa = PBXFileReference; lastKnownFileType = sourcecode.swift; path = SettingsView.swift; sourceTree = "<group>"; };
		E031298F299754FF0015287F /* CommonUI.swift */ = {isa = PBXFileReference; lastKnownFileType = sourcecode.swift; path = CommonUI.swift; sourceTree = "<group>"; };
		E0312991299755210015287F /* Router.swift */ = {isa = PBXFileReference; lastKnownFileType = sourcecode.swift; path = Router.swift; sourceTree = "<group>"; };
		E03129932997555A0015287F /* CDTodayVC.swift */ = {isa = PBXFileReference; lastKnownFileType = sourcecode.swift; path = CDTodayVC.swift; sourceTree = "<group>"; };
		E0312995299755740015287F /* Ext.swift */ = {isa = PBXFileReference; lastKnownFileType = sourcecode.swift; path = Ext.swift; sourceTree = "<group>"; };
		E0312997299755A10015287F /* FavoriteEvent.swift */ = {isa = PBXFileReference; lastKnownFileType = sourcecode.swift; path = FavoriteEvent.swift; sourceTree = "<group>"; };
		E0312999299756550015287F /* TodayViews.swift */ = {isa = PBXFileReference; lastKnownFileType = sourcecode.swift; path = TodayViews.swift; sourceTree = "<group>"; };
		E031299B2997568D0015287F /* Utils.swift */ = {isa = PBXFileReference; lastKnownFileType = sourcecode.swift; path = Utils.swift; sourceTree = "<group>"; };
		E03129A9299758C10015287F /* HomeView.swift */ = {isa = PBXFileReference; lastKnownFileType = sourcecode.swift; path = HomeView.swift; sourceTree = "<group>"; };
		E03129AD299759F60015287F /* SwiftyUserInterface */ = {isa = PBXFileReference; lastKnownFileType = wrapper; name = SwiftyUserInterface; path = ../../Frameworks/SwiftyUserInterface; sourceTree = "<group>"; };
		E03129DF299784E10015287F /* Common.xcconfig */ = {isa = PBXFileReference; lastKnownFileType = text.xcconfig; path = Common.xcconfig; sourceTree = "<group>"; };
		E03129E0299785320015287F /* Debug.xcconfig */ = {isa = PBXFileReference; lastKnownFileType = text.xcconfig; path = Debug.xcconfig; sourceTree = "<group>"; };
		E052114C29A4A47600271E16 /* SmallWidgetSingleEventView.swift */ = {isa = PBXFileReference; lastKnownFileType = sourcecode.swift; path = SmallWidgetSingleEventView.swift; sourceTree = "<group>"; };
		E0CC9E0F29A0D49500F46E58 /* NoEventsView.swift */ = {isa = PBXFileReference; lastKnownFileType = sourcecode.swift; path = NoEventsView.swift; sourceTree = "<group>"; };
		E0D71A1A299DF2F800E79F2F /* Countdown.entitlements */ = {isa = PBXFileReference; lastKnownFileType = text.plist.entitlements; path = Countdown.entitlements; sourceTree = "<group>"; };
		E0D71A1B299DF30A00E79F2F /* CDWidgetExtension.entitlements */ = {isa = PBXFileReference; lastKnownFileType = text.plist.entitlements; path = CDWidgetExtension.entitlements; sourceTree = "<group>"; };
		E0D71A1C299DF50800E79F2F /* NSCustomPersistentContainer.swift */ = {isa = PBXFileReference; lastKnownFileType = sourcecode.swift; path = NSCustomPersistentContainer.swift; sourceTree = "<group>"; };
		E0D71A24299DFCA100E79F2F /* CDSmallWidgetView.swift */ = {isa = PBXFileReference; lastKnownFileType = sourcecode.swift; path = CDSmallWidgetView.swift; sourceTree = "<group>"; };
		E0D71A26299DFDFB00E79F2F /* Helper.swift */ = {isa = PBXFileReference; lastKnownFileType = sourcecode.swift; path = Helper.swift; sourceTree = "<group>"; };
		E0D71A36299E0AC500E79F2F /* EventKit.framework */ = {isa = PBXFileReference; lastKnownFileType = wrapper.framework; name = EventKit.framework; path = System/Library/Frameworks/EventKit.framework; sourceTree = SDKROOT; };
		E0ED779A299CF55A00003A2B /* CDWidgetExtension.appex */ = {isa = PBXFileReference; explicitFileType = "wrapper.app-extension"; includeInIndex = 0; path = CDWidgetExtension.appex; sourceTree = BUILT_PRODUCTS_DIR; };
		E0ED779B299CF55A00003A2B /* WidgetKit.framework */ = {isa = PBXFileReference; lastKnownFileType = wrapper.framework; name = WidgetKit.framework; path = System/Library/Frameworks/WidgetKit.framework; sourceTree = SDKROOT; };
		E0ED779D299CF55A00003A2B /* SwiftUI.framework */ = {isa = PBXFileReference; lastKnownFileType = wrapper.framework; name = SwiftUI.framework; path = System/Library/Frameworks/SwiftUI.framework; sourceTree = SDKROOT; };
		E0ED77A0299CF55A00003A2B /* CDWidgetBundle.swift */ = {isa = PBXFileReference; lastKnownFileType = sourcecode.swift; path = CDWidgetBundle.swift; sourceTree = "<group>"; };
		E0ED77A2299CF55A00003A2B /* CDWidgetLiveActivity.swift */ = {isa = PBXFileReference; lastKnownFileType = sourcecode.swift; path = CDWidgetLiveActivity.swift; sourceTree = "<group>"; };
		E0ED77A4299CF55A00003A2B /* CDWidget.swift */ = {isa = PBXFileReference; lastKnownFileType = sourcecode.swift; path = CDWidget.swift; sourceTree = "<group>"; };
		E0ED77A6299CF55A00003A2B /* CDWidget.intentdefinition */ = {isa = PBXFileReference; lastKnownFileType = file.intentdefinition; path = CDWidget.intentdefinition; sourceTree = "<group>"; };
		E0ED77A7299CF55A00003A2B /* Assets.xcassets */ = {isa = PBXFileReference; lastKnownFileType = folder.assetcatalog; path = Assets.xcassets; sourceTree = "<group>"; };
		E0ED77A9299CF55A00003A2B /* Info.plist */ = {isa = PBXFileReference; lastKnownFileType = text.plist.xml; path = Info.plist; sourceTree = "<group>"; };
/* End PBXFileReference section */

/* Begin PBXFrameworksBuildPhase section */
		E031294A299741B20015287F /* Frameworks */ = {
			isa = PBXFrameworksBuildPhase;
			buildActionMask = 2147483647;
			files = (
				E03129A52997579A0015287F /* SwiftDate in Frameworks */,
				E03129AF29975A3A0015287F /* SwiftyUserInterface in Frameworks */,
				E03129A2299757940015287F /* SwiftyStoreKit in Frameworks */,
				E03129A8299757DE0015287F /* MIDataStore in Frameworks */,
			);
			runOnlyForDeploymentPostprocessing = 0;
		};
		E0ED7797299CF55A00003A2B /* Frameworks */ = {
			isa = PBXFrameworksBuildPhase;
			buildActionMask = 2147483647;
			files = (
				E0D71A37299E0AC500E79F2F /* EventKit.framework in Frameworks */,
				E0ED779E299CF55A00003A2B /* SwiftUI.framework in Frameworks */,
				E0ED779C299CF55A00003A2B /* WidgetKit.framework in Frameworks */,
				E0D71A31299E002F00E79F2F /* SwiftDate in Frameworks */,
			);
			runOnlyForDeploymentPostprocessing = 0;
		};
/* End PBXFrameworksBuildPhase section */

/* Begin PBXGroup section */
		E0312944299741B20015287F = {
			isa = PBXGroup;
			children = (
				E0D71A1B299DF30A00E79F2F /* CDWidgetExtension.entitlements */,
				E03129AB2997596A0015287F /* Packages */,
				E031294F299741B20015287F /* Countdown */,
				E0ED779F299CF55A00003A2B /* CDWidget */,
				E031294E299741B20015287F /* Products */,
				E03129A32997579A0015287F /* Frameworks */,
			);
			sourceTree = "<group>";
		};
		E031294E299741B20015287F /* Products */ = {
			isa = PBXGroup;
			children = (
				E031294D299741B20015287F /* Countdown.app */,
				E0ED779A299CF55A00003A2B /* CDWidgetExtension.appex */,
			);
			name = Products;
			sourceTree = "<group>";
		};
		E031294F299741B20015287F /* Countdown */ = {
			isa = PBXGroup;
			children = (
				E0D71A1A299DF2F800E79F2F /* Countdown.entitlements */,
				E03129D9299780750015287F /* Configs */,
				E031297F29974CBA0015287F /* CountdownKit */,
				E031297E29974C9E0015287F /* Source */,
				E031297D29974C960015287F /* iOS */,
				E0312950299741B20015287F /* CountdownApp.swift */,
				E0312952299741B20015287F /* ContentView.swift */,
				E0312954299741B30015287F /* Assets.xcassets */,
				E0312959299741B30015287F /* Persistence.swift */,
				E031295B299741B30015287F /* Countdown.xcdatamodeld */,
				E0312956299741B30015287F /* Preview Content */,
				E0D71A1C299DF50800E79F2F /* NSCustomPersistentContainer.swift */,
			);
			path = Countdown;
			sourceTree = "<group>";
		};
		E0312956299741B30015287F /* Preview Content */ = {
			isa = PBXGroup;
			children = (
				E0312957299741B30015287F /* Preview Assets.xcassets */,
			);
			path = "Preview Content";
			sourceTree = "<group>";
		};
		E031297D29974C960015287F /* iOS */ = {
			isa = PBXGroup;
			children = (
				E031298029974D600015287F /* AppDelegate.swift */,
				E031298229974DB50015287F /* SceneDelegate.swift */,
			);
			path = iOS;
			sourceTree = "<group>";
		};
		E031297E29974C9E0015287F /* Source */ = {
			isa = PBXGroup;
			children = (
				E03129842997541E0015287F /* EventDetail.swift */,
				E0312986299754560015287F /* EventKitUIWrappers.swift */,
				E0312988299754760015287F /* EventRow.swift */,
				E03129A9299758C10015287F /* HomeView.swift */,
				E031298A299754A60015287F /* IAPview.swift */,
				E031298C299754CB0015287F /* SettingsView.swift */,
				E031298E299754DD0015287F /* Helper */,
			);
			path = Source;
			sourceTree = "<group>";
		};
		E031297F29974CBA0015287F /* CountdownKit */ = {
			isa = PBXGroup;
			children = (
				E03129932997555A0015287F /* CDTodayVC.swift */,
				E0312995299755740015287F /* Ext.swift */,
				E0312997299755A10015287F /* FavoriteEvent.swift */,
				E0312999299756550015287F /* TodayViews.swift */,
				E031299B2997568D0015287F /* Utils.swift */,
			);
			path = CountdownKit;
			sourceTree = "<group>";
		};
		E031298E299754DD0015287F /* Helper */ = {
			isa = PBXGroup;
			children = (
				E031298F299754FF0015287F /* CommonUI.swift */,
				E0312991299755210015287F /* Router.swift */,
			);
			path = Helper;
			sourceTree = "<group>";
		};
		E03129A32997579A0015287F /* Frameworks */ = {
			isa = PBXGroup;
			children = (
				E0D71A36299E0AC500E79F2F /* EventKit.framework */,
				E0ED779B299CF55A00003A2B /* WidgetKit.framework */,
				E0ED779D299CF55A00003A2B /* SwiftUI.framework */,
			);
			name = Frameworks;
			sourceTree = "<group>";
		};
		E03129AB2997596A0015287F /* Packages */ = {
			isa = PBXGroup;
			children = (
				E03129AD299759F60015287F /* SwiftyUserInterface */,
			);
			name = Packages;
			sourceTree = "<group>";
		};
		E03129D9299780750015287F /* Configs */ = {
			isa = PBXGroup;
			children = (
				E03129DF299784E10015287F /* Common.xcconfig */,
				E03129E0299785320015287F /* Debug.xcconfig */,
			);
			path = Configs;
			sourceTree = "<group>";
		};
		E0D71A20299DFC4300E79F2F /* SmallWidget */ = {
			isa = PBXGroup;
			children = (
				E0D71A24299DFCA100E79F2F /* CDSmallWidgetView.swift */,
				E0CC9E0F29A0D49500F46E58 /* NoEventsView.swift */,
				E0D71A21299DFC5300E79F2F /* Helper */,
				E052114C29A4A47600271E16 /* SmallWidgetSingleEventView.swift */,
			);
			path = SmallWidget;
			sourceTree = "<group>";
		};
		E0D71A21299DFC5300E79F2F /* Helper */ = {
			isa = PBXGroup;
			children = (
				E0D71A26299DFDFB00E79F2F /* Helper.swift */,
			);
			path = Helper;
			sourceTree = "<group>";
		};
		E0ED779F299CF55A00003A2B /* CDWidget */ = {
			isa = PBXGroup;
			children = (
				E0D71A20299DFC4300E79F2F /* SmallWidget */,
				E0ED77A0299CF55A00003A2B /* CDWidgetBundle.swift */,
				E0ED77A2299CF55A00003A2B /* CDWidgetLiveActivity.swift */,
				E0ED77A4299CF55A00003A2B /* CDWidget.swift */,
				E0ED77A6299CF55A00003A2B /* CDWidget.intentdefinition */,
				E0ED77A7299CF55A00003A2B /* Assets.xcassets */,
				E0ED77A9299CF55A00003A2B /* Info.plist */,
			);
			path = CDWidget;
			sourceTree = "<group>";
		};
/* End PBXGroup section */

/* Begin PBXNativeTarget section */
		E031294C299741B20015287F /* Countdown */ = {
			isa = PBXNativeTarget;
			buildConfigurationList = E0312960299741B30015287F /* Build configuration list for PBXNativeTarget "Countdown" */;
			buildPhases = (
				E0312949299741B20015287F /* Sources */,
				E031294A299741B20015287F /* Frameworks */,
				E031294B299741B20015287F /* Resources */,
				E0ED77AF299CF55A00003A2B /* Embed Foundation Extensions */,
				E057D16029A7859600F0EC64 /* ShellScript */,
			);
			buildRules = (
			);
			dependencies = (
				E0ED77AD299CF55A00003A2B /* PBXTargetDependency */,
			);
			name = Countdown;
			packageProductDependencies = (
				E03129A1299757940015287F /* SwiftyStoreKit */,
				E03129A42997579A0015287F /* SwiftDate */,
				E03129A7299757DE0015287F /* MIDataStore */,
				E03129AE29975A3A0015287F /* SwiftyUserInterface */,
			);
			productName = Countdown;
			productReference = E031294D299741B20015287F /* Countdown.app */;
			productType = "com.apple.product-type.application";
		};
		E0ED7799299CF55A00003A2B /* CDWidgetExtension */ = {
			isa = PBXNativeTarget;
			buildConfigurationList = E0ED77B2299CF55A00003A2B /* Build configuration list for PBXNativeTarget "CDWidgetExtension" */;
			buildPhases = (
				E0ED7796299CF55A00003A2B /* Sources */,
				E0ED7797299CF55A00003A2B /* Frameworks */,
				E0ED7798299CF55A00003A2B /* Resources */,
			);
			buildRules = (
			);
			dependencies = (
			);
			name = CDWidgetExtension;
			packageProductDependencies = (
				E0D71A30299E002F00E79F2F /* SwiftDate */,
			);
			productName = CDWidgetExtension;
			productReference = E0ED779A299CF55A00003A2B /* CDWidgetExtension.appex */;
			productType = "com.apple.product-type.app-extension";
		};
/* End PBXNativeTarget section */

/* Begin PBXProject section */
		E0312945299741B20015287F /* Project object */ = {
			isa = PBXProject;
			attributes = {
				BuildIndependentTargetsInParallel = 1;
				LastSwiftUpdateCheck = 1410;
				LastUpgradeCheck = 1410;
				TargetAttributes = {
					E031294C299741B20015287F = {
						CreatedOnToolsVersion = 14.1;
					};
					E0ED7799299CF55A00003A2B = {
						CreatedOnToolsVersion = 14.1;
					};
				};
			};
			buildConfigurationList = E0312948299741B20015287F /* Build configuration list for PBXProject "Countdown" */;
			compatibilityVersion = "Xcode 14.0";
			developmentRegion = en;
			hasScannedForEncodings = 0;
			knownRegions = (
				en,
				Base,
			);
			mainGroup = E0312944299741B20015287F;
			packageReferences = (
				E031299D299757050015287F /* XCRemoteSwiftPackageReference "SwiftDate" */,
				E03129A0299757940015287F /* XCRemoteSwiftPackageReference "SwiftyStoreKit" */,
				E03129A6299757DE0015287F /* XCRemoteSwiftPackageReference "mi-data-store" */,
			);
			productRefGroup = E031294E299741B20015287F /* Products */;
			projectDirPath = "";
			projectRoot = "";
			targets = (
				E031294C299741B20015287F /* Countdown */,
				E0ED7799299CF55A00003A2B /* CDWidgetExtension */,
			);
		};
/* End PBXProject section */

/* Begin PBXResourcesBuildPhase section */
		E031294B299741B20015287F /* Resources */ = {
			isa = PBXResourcesBuildPhase;
			buildActionMask = 2147483647;
			files = (
				E0312958299741B30015287F /* Preview Assets.xcassets in Resources */,
				E0312955299741B30015287F /* Assets.xcassets in Resources */,
			);
			runOnlyForDeploymentPostprocessing = 0;
		};
		E0ED7798299CF55A00003A2B /* Resources */ = {
			isa = PBXResourcesBuildPhase;
			buildActionMask = 2147483647;
			files = (
				E0ED77A8299CF55A00003A2B /* Assets.xcassets in Resources */,
			);
			runOnlyForDeploymentPostprocessing = 0;
		};
/* End PBXResourcesBuildPhase section */

/* Begin PBXShellScriptBuildPhase section */
		E057D16029A7859600F0EC64 /* ShellScript */ = {
			isa = PBXShellScriptBuildPhase;
			buildActionMask = 2147483647;
			files = (
			);
			inputFileListPaths = (
			);
			inputPaths = (
			);
			outputFileListPaths = (
			);
			outputPaths = (
			);
			runOnlyForDeploymentPostprocessing = 0;
			shellPath = /bin/sh;
			shellScript = "if which swiftlint >/dev/null; then\n  swiftlint\nelse\n  echo \"warning: SwiftLint not installed, download from https://github.com/realm/SwiftLint\"\nfi\n";
		};
/* End PBXShellScriptBuildPhase section */

/* Begin PBXSourcesBuildPhase section */
		E0312949299741B20015287F /* Sources */ = {
			isa = PBXSourcesBuildPhase;
			buildActionMask = 2147483647;
			files = (
				E0D71A1D299DF50800E79F2F /* NSCustomPersistentContainer.swift in Sources */,
				E0312998299755A10015287F /* FavoriteEvent.swift in Sources */,
				E03129852997541E0015287F /* EventDetail.swift in Sources */,
				E0312989299754760015287F /* EventRow.swift in Sources */,
				E031295A299741B30015287F /* Persistence.swift in Sources */,
				E03129942997555A0015287F /* CDTodayVC.swift in Sources */,
				E0312953299741B20015287F /* ContentView.swift in Sources */,
				E0312951299741B20015287F /* CountdownApp.swift in Sources */,
				E031298129974D600015287F /* AppDelegate.swift in Sources */,
				E031295D299741B30015287F /* Countdown.xcdatamodeld in Sources */,
				E031298329974DB50015287F /* SceneDelegate.swift in Sources */,
				E0312990299754FF0015287F /* CommonUI.swift in Sources */,
				E031299C2997568D0015287F /* Utils.swift in Sources */,
				E0312987299754560015287F /* EventKitUIWrappers.swift in Sources */,
				E0ED77AB299CF55A00003A2B /* CDWidget.intentdefinition in Sources */,
				E031298B299754A60015287F /* IAPview.swift in Sources */,
				E031298D299754CB0015287F /* SettingsView.swift in Sources */,
				E031299A299756550015287F /* TodayViews.swift in Sources */,
				E0312992299755210015287F /* Router.swift in Sources */,
				E0312996299755740015287F /* Ext.swift in Sources */,
				E03129AA299758C10015287F /* HomeView.swift in Sources */,
			);
			runOnlyForDeploymentPostprocessing = 0;
		};
		E0ED7796299CF55A00003A2B /* Sources */ = {
			isa = PBXSourcesBuildPhase;
			buildActionMask = 2147483647;
			files = (
				E0ED77A1299CF55A00003A2B /* CDWidgetBundle.swift in Sources */,
				E0ED77AA299CF55A00003A2B /* CDWidget.intentdefinition in Sources */,
				E0D71A25299DFCA100E79F2F /* CDSmallWidgetView.swift in Sources */,
				E0D71A1E299DFC1200E79F2F /* Countdown.xcdatamodeld in Sources */,
				E052114D29A4A47600271E16 /* SmallWidgetSingleEventView.swift in Sources */,
				E0D71A35299E053C00E79F2F /* Utils.swift in Sources */,
				E0D71A1F299DFC1800E79F2F /* Persistence.swift in Sources */,
				E0D71A33299E053700E79F2F /* Ext.swift in Sources */,
				E0ED77A3299CF55A00003A2B /* CDWidgetLiveActivity.swift in Sources */,
				E0D71A34299E053A00E79F2F /* FavoriteEvent.swift in Sources */,
				E0D71A2F299E001900E79F2F /* NSCustomPersistentContainer.swift in Sources */,
				E0ED77A5299CF55A00003A2B /* CDWidget.swift in Sources */,
				E0CC9E1029A0D49500F46E58 /* NoEventsView.swift in Sources */,
				E0D71A27299DFDFB00E79F2F /* Helper.swift in Sources */,
			);
			runOnlyForDeploymentPostprocessing = 0;
		};
/* End PBXSourcesBuildPhase section */

/* Begin PBXTargetDependency section */
		E0ED77AD299CF55A00003A2B /* PBXTargetDependency */ = {
			isa = PBXTargetDependency;
			target = E0ED7799299CF55A00003A2B /* CDWidgetExtension */;
			targetProxy = E0ED77AC299CF55A00003A2B /* PBXContainerItemProxy */;
		};
/* End PBXTargetDependency section */

/* Begin XCBuildConfiguration section */
		E031295E299741B30015287F /* Debug */ = {
			isa = XCBuildConfiguration;
			buildSettings = {
				ALWAYS_SEARCH_USER_PATHS = NO;
				CLANG_ANALYZER_NONNULL = YES;
				CLANG_ANALYZER_NUMBER_OBJECT_CONVERSION = YES_AGGRESSIVE;
				CLANG_CXX_LANGUAGE_STANDARD = "gnu++20";
				CLANG_ENABLE_MODULES = YES;
				CLANG_ENABLE_OBJC_ARC = YES;
				CLANG_ENABLE_OBJC_WEAK = YES;
				CLANG_WARN_BLOCK_CAPTURE_AUTORELEASING = YES;
				CLANG_WARN_BOOL_CONVERSION = YES;
				CLANG_WARN_COMMA = YES;
				CLANG_WARN_CONSTANT_CONVERSION = YES;
				CLANG_WARN_DEPRECATED_OBJC_IMPLEMENTATIONS = YES;
				CLANG_WARN_DIRECT_OBJC_ISA_USAGE = YES_ERROR;
				CLANG_WARN_DOCUMENTATION_COMMENTS = YES;
				CLANG_WARN_EMPTY_BODY = YES;
				CLANG_WARN_ENUM_CONVERSION = YES;
				CLANG_WARN_INFINITE_RECURSION = YES;
				CLANG_WARN_INT_CONVERSION = YES;
				CLANG_WARN_NON_LITERAL_NULL_CONVERSION = YES;
				CLANG_WARN_OBJC_IMPLICIT_RETAIN_SELF = YES;
				CLANG_WARN_OBJC_LITERAL_CONVERSION = YES;
				CLANG_WARN_OBJC_ROOT_CLASS = YES_ERROR;
				CLANG_WARN_QUOTED_INCLUDE_IN_FRAMEWORK_HEADER = YES;
				CLANG_WARN_RANGE_LOOP_ANALYSIS = YES;
				CLANG_WARN_STRICT_PROTOTYPES = YES;
				CLANG_WARN_SUSPICIOUS_MOVE = YES;
				CLANG_WARN_UNGUARDED_AVAILABILITY = YES_AGGRESSIVE;
				CLANG_WARN_UNREACHABLE_CODE = YES;
				CLANG_WARN__DUPLICATE_METHOD_MATCH = YES;
				COPY_PHASE_STRIP = NO;
				DEBUG_INFORMATION_FORMAT = dwarf;
				ENABLE_STRICT_OBJC_MSGSEND = YES;
				ENABLE_TESTABILITY = YES;
				GCC_C_LANGUAGE_STANDARD = gnu11;
				GCC_DYNAMIC_NO_PIC = NO;
				GCC_NO_COMMON_BLOCKS = YES;
				GCC_OPTIMIZATION_LEVEL = 0;
				GCC_PREPROCESSOR_DEFINITIONS = (
					"DEBUG=1",
					"$(inherited)",
				);
				GCC_WARN_64_TO_32_BIT_CONVERSION = YES;
				GCC_WARN_ABOUT_RETURN_TYPE = YES_ERROR;
				GCC_WARN_UNDECLARED_SELECTOR = YES;
				GCC_WARN_UNINITIALIZED_AUTOS = YES_AGGRESSIVE;
				GCC_WARN_UNUSED_FUNCTION = YES;
				GCC_WARN_UNUSED_VARIABLE = YES;
				IPHONEOS_DEPLOYMENT_TARGET = 16.0;
				MTL_ENABLE_DEBUG_INFO = INCLUDE_SOURCE;
				MTL_FAST_MATH = YES;
				ONLY_ACTIVE_ARCH = YES;
				SDKROOT = iphoneos;
				SWIFT_ACTIVE_COMPILATION_CONDITIONS = DEBUG;
				SWIFT_OPTIMIZATION_LEVEL = "-Onone";
			};
			name = Debug;
		};
		E031295F299741B30015287F /* Release */ = {
			isa = XCBuildConfiguration;
			buildSettings = {
				ALWAYS_SEARCH_USER_PATHS = NO;
				CLANG_ANALYZER_NONNULL = YES;
				CLANG_ANALYZER_NUMBER_OBJECT_CONVERSION = YES_AGGRESSIVE;
				CLANG_CXX_LANGUAGE_STANDARD = "gnu++20";
				CLANG_ENABLE_MODULES = YES;
				CLANG_ENABLE_OBJC_ARC = YES;
				CLANG_ENABLE_OBJC_WEAK = YES;
				CLANG_WARN_BLOCK_CAPTURE_AUTORELEASING = YES;
				CLANG_WARN_BOOL_CONVERSION = YES;
				CLANG_WARN_COMMA = YES;
				CLANG_WARN_CONSTANT_CONVERSION = YES;
				CLANG_WARN_DEPRECATED_OBJC_IMPLEMENTATIONS = YES;
				CLANG_WARN_DIRECT_OBJC_ISA_USAGE = YES_ERROR;
				CLANG_WARN_DOCUMENTATION_COMMENTS = YES;
				CLANG_WARN_EMPTY_BODY = YES;
				CLANG_WARN_ENUM_CONVERSION = YES;
				CLANG_WARN_INFINITE_RECURSION = YES;
				CLANG_WARN_INT_CONVERSION = YES;
				CLANG_WARN_NON_LITERAL_NULL_CONVERSION = YES;
				CLANG_WARN_OBJC_IMPLICIT_RETAIN_SELF = YES;
				CLANG_WARN_OBJC_LITERAL_CONVERSION = YES;
				CLANG_WARN_OBJC_ROOT_CLASS = YES_ERROR;
				CLANG_WARN_QUOTED_INCLUDE_IN_FRAMEWORK_HEADER = YES;
				CLANG_WARN_RANGE_LOOP_ANALYSIS = YES;
				CLANG_WARN_STRICT_PROTOTYPES = YES;
				CLANG_WARN_SUSPICIOUS_MOVE = YES;
				CLANG_WARN_UNGUARDED_AVAILABILITY = YES_AGGRESSIVE;
				CLANG_WARN_UNREACHABLE_CODE = YES;
				CLANG_WARN__DUPLICATE_METHOD_MATCH = YES;
				COPY_PHASE_STRIP = NO;
				DEBUG_INFORMATION_FORMAT = "dwarf-with-dsym";
				ENABLE_NS_ASSERTIONS = NO;
				ENABLE_STRICT_OBJC_MSGSEND = YES;
				GCC_C_LANGUAGE_STANDARD = gnu11;
				GCC_NO_COMMON_BLOCKS = YES;
				GCC_WARN_64_TO_32_BIT_CONVERSION = YES;
				GCC_WARN_ABOUT_RETURN_TYPE = YES_ERROR;
				GCC_WARN_UNDECLARED_SELECTOR = YES;
				GCC_WARN_UNINITIALIZED_AUTOS = YES_AGGRESSIVE;
				GCC_WARN_UNUSED_FUNCTION = YES;
				GCC_WARN_UNUSED_VARIABLE = YES;
				IPHONEOS_DEPLOYMENT_TARGET = 16.0;
				MTL_ENABLE_DEBUG_INFO = NO;
				MTL_FAST_MATH = YES;
				SDKROOT = iphoneos;
				SWIFT_COMPILATION_MODE = wholemodule;
				SWIFT_OPTIMIZATION_LEVEL = "-O";
				VALIDATE_PRODUCT = YES;
			};
			name = Release;
		};
		E0312961299741B30015287F /* Debug */ = {
			isa = XCBuildConfiguration;
			buildSettings = {
				ALWAYS_EMBED_SWIFT_STANDARD_LIBRARIES = YES;
				ASSETCATALOG_COMPILER_APPICON_NAME = AppIcon;
				ASSETCATALOG_COMPILER_GLOBAL_ACCENT_COLOR_NAME = AccentColor;
				CODE_SIGN_ENTITLEMENTS = Countdown/Countdown.entitlements;
				CODE_SIGN_STYLE = Automatic;
				CURRENT_PROJECT_VERSION = 1;
				DEVELOPMENT_ASSET_PATHS = "\"Countdown/Preview Content\"";
				DEVELOPMENT_TEAM = 2WD7UU4A8M;
				ENABLE_PREVIEWS = YES;
				GENERATE_INFOPLIST_FILE = YES;
				INFOPLIST_KEY_NSCalendarsUsageDescription = "To show you the Count Down for the events, you have already planned in your calendars.";
				INFOPLIST_KEY_UIApplicationSceneManifest_Generation = YES;
				INFOPLIST_KEY_UIApplicationSupportsIndirectInputEvents = YES;
				INFOPLIST_KEY_UILaunchScreen_Generation = YES;
				INFOPLIST_KEY_UISupportedInterfaceOrientations_iPad = "UIInterfaceOrientationPortrait UIInterfaceOrientationPortraitUpsideDown UIInterfaceOrientationLandscapeLeft UIInterfaceOrientationLandscapeRight";
				INFOPLIST_KEY_UISupportedInterfaceOrientations_iPhone = "UIInterfaceOrientationPortrait UIInterfaceOrientationLandscapeLeft UIInterfaceOrientationLandscapeRight";
				LD_RUNPATH_SEARCH_PATHS = (
					"$(inherited)",
					"@executable_path/Frameworks",
				);
				MARKETING_VERSION = 1.0;
				PRODUCT_BUNDLE_IDENTIFIER = com.skydevz.Countdown;
				PRODUCT_NAME = "$(TARGET_NAME)";
				SWIFT_EMIT_LOC_STRINGS = YES;
				SWIFT_VERSION = 5.0;
				TARGETED_DEVICE_FAMILY = "1,2";
			};
			name = Debug;
		};
		E0312962299741B30015287F /* Release */ = {
			isa = XCBuildConfiguration;
			buildSettings = {
				ALWAYS_EMBED_SWIFT_STANDARD_LIBRARIES = YES;
				ASSETCATALOG_COMPILER_APPICON_NAME = AppIcon;
				ASSETCATALOG_COMPILER_GLOBAL_ACCENT_COLOR_NAME = AccentColor;
				CODE_SIGN_ENTITLEMENTS = Countdown/Countdown.entitlements;
				CODE_SIGN_STYLE = Automatic;
				CURRENT_PROJECT_VERSION = 1;
				DEVELOPMENT_ASSET_PATHS = "\"Countdown/Preview Content\"";
				DEVELOPMENT_TEAM = 2WD7UU4A8M;
				ENABLE_PREVIEWS = YES;
				GENERATE_INFOPLIST_FILE = YES;
				INFOPLIST_KEY_NSCalendarsUsageDescription = "To show you the Count Down for the events, you have already planned in your calendars.";
				INFOPLIST_KEY_UIApplicationSceneManifest_Generation = YES;
				INFOPLIST_KEY_UIApplicationSupportsIndirectInputEvents = YES;
				INFOPLIST_KEY_UILaunchScreen_Generation = YES;
				INFOPLIST_KEY_UISupportedInterfaceOrientations_iPad = "UIInterfaceOrientationPortrait UIInterfaceOrientationPortraitUpsideDown UIInterfaceOrientationLandscapeLeft UIInterfaceOrientationLandscapeRight";
				INFOPLIST_KEY_UISupportedInterfaceOrientations_iPhone = "UIInterfaceOrientationPortrait UIInterfaceOrientationLandscapeLeft UIInterfaceOrientationLandscapeRight";
				LD_RUNPATH_SEARCH_PATHS = (
					"$(inherited)",
					"@executable_path/Frameworks",
				);
				MARKETING_VERSION = 1.0;
				PRODUCT_BUNDLE_IDENTIFIER = com.skydevz.Countdown;
				PRODUCT_NAME = "$(TARGET_NAME)";
				SWIFT_EMIT_LOC_STRINGS = YES;
				SWIFT_VERSION = 5.0;
				TARGETED_DEVICE_FAMILY = "1,2";
			};
			name = Release;
		};
		E0ED77B0299CF55A00003A2B /* Debug */ = {
			isa = XCBuildConfiguration;
			buildSettings = {
				ASSETCATALOG_COMPILER_GLOBAL_ACCENT_COLOR_NAME = AccentColor;
				ASSETCATALOG_COMPILER_WIDGET_BACKGROUND_COLOR_NAME = WidgetBackground;
				CODE_SIGN_ENTITLEMENTS = CDWidgetExtension.entitlements;
				CODE_SIGN_STYLE = Automatic;
				CURRENT_PROJECT_VERSION = 1;
				DEVELOPMENT_TEAM = 2WD7UU4A8M;
				GENERATE_INFOPLIST_FILE = YES;
				INFOPLIST_FILE = CDWidget/Info.plist;
				INFOPLIST_KEY_CFBundleDisplayName = CDWidget;
				INFOPLIST_KEY_NSHumanReadableCopyright = "";
				IPHONEOS_DEPLOYMENT_TARGET = 16.0;
				LD_RUNPATH_SEARCH_PATHS = (
					"$(inherited)",
					"@executable_path/Frameworks",
					"@executable_path/../../Frameworks",
				);
				MARKETING_VERSION = 1.0;
				PRODUCT_BUNDLE_IDENTIFIER = com.skydevz.Countdown.CDWidget;
				PRODUCT_NAME = "$(TARGET_NAME)";
				SKIP_INSTALL = YES;
				SWIFT_EMIT_LOC_STRINGS = YES;
				SWIFT_VERSION = 5.0;
				TARGETED_DEVICE_FAMILY = "1,2";
			};
			name = Debug;
		};
		E0ED77B1299CF55A00003A2B /* Release */ = {
			isa = XCBuildConfiguration;
			buildSettings = {
				ASSETCATALOG_COMPILER_GLOBAL_ACCENT_COLOR_NAME = AccentColor;
				ASSETCATALOG_COMPILER_WIDGET_BACKGROUND_COLOR_NAME = WidgetBackground;
				CODE_SIGN_ENTITLEMENTS = CDWidgetExtension.entitlements;
				CODE_SIGN_STYLE = Automatic;
				CURRENT_PROJECT_VERSION = 1;
				DEVELOPMENT_TEAM = 2WD7UU4A8M;
				GENERATE_INFOPLIST_FILE = YES;
				INFOPLIST_FILE = CDWidget/Info.plist;
				INFOPLIST_KEY_CFBundleDisplayName = CDWidget;
				INFOPLIST_KEY_NSHumanReadableCopyright = "";
				IPHONEOS_DEPLOYMENT_TARGET = 16.0;
				LD_RUNPATH_SEARCH_PATHS = (
					"$(inherited)",
					"@executable_path/Frameworks",
					"@executable_path/../../Frameworks",
				);
				MARKETING_VERSION = 1.0;
				PRODUCT_BUNDLE_IDENTIFIER = com.skydevz.Countdown.CDWidget;
				PRODUCT_NAME = "$(TARGET_NAME)";
				SKIP_INSTALL = YES;
				SWIFT_EMIT_LOC_STRINGS = YES;
				SWIFT_VERSION = 5.0;
				TARGETED_DEVICE_FAMILY = "1,2";
			};
			name = Release;
		};
/* End XCBuildConfiguration section */

/* Begin XCConfigurationList section */
		E0312948299741B20015287F /* Build configuration list for PBXProject "Countdown" */ = {
			isa = XCConfigurationList;
			buildConfigurations = (
				E031295E299741B30015287F /* Debug */,
				E031295F299741B30015287F /* Release */,
			);
			defaultConfigurationIsVisible = 0;
			defaultConfigurationName = Release;
		};
		E0312960299741B30015287F /* Build configuration list for PBXNativeTarget "Countdown" */ = {
			isa = XCConfigurationList;
			buildConfigurations = (
				E0312961299741B30015287F /* Debug */,
				E0312962299741B30015287F /* Release */,
			);
			defaultConfigurationIsVisible = 0;
			defaultConfigurationName = Release;
		};
		E0ED77B2299CF55A00003A2B /* Build configuration list for PBXNativeTarget "CDWidgetExtension" */ = {
			isa = XCConfigurationList;
			buildConfigurations = (
				E0ED77B0299CF55A00003A2B /* Debug */,
				E0ED77B1299CF55A00003A2B /* Release */,
			);
			defaultConfigurationIsVisible = 0;
			defaultConfigurationName = Release;
		};
/* End XCConfigurationList section */

/* Begin XCRemoteSwiftPackageReference section */
		E031299D299757050015287F /* XCRemoteSwiftPackageReference "SwiftDate" */ = {
			isa = XCRemoteSwiftPackageReference;
			repositoryURL = "https://github.com/malcommac/SwiftDate.git";
			requirement = {
				branch = master;
				kind = branch;
			};
		};
		E03129A0299757940015287F /* XCRemoteSwiftPackageReference "SwiftyStoreKit" */ = {
			isa = XCRemoteSwiftPackageReference;
			repositoryURL = "https://github.com/bizz84/SwiftyStoreKit.git";
			requirement = {
				kind = upToNextMajorVersion;
				minimumVersion = 0.9.3;
			};
		};
		E03129A6299757DE0015287F /* XCRemoteSwiftPackageReference "mi-data-store" */ = {
			isa = XCRemoteSwiftPackageReference;
			repositoryURL = "https://github.com/imthath-m/mi-data-store";
			requirement = {
				kind = upToNextMajorVersion;
				minimumVersion = 0.1.0;
			};
		};
/* End XCRemoteSwiftPackageReference section */

/* Begin XCSwiftPackageProductDependency section */
		E03129A1299757940015287F /* SwiftyStoreKit */ = {
			isa = XCSwiftPackageProductDependency;
			package = E03129A0299757940015287F /* XCRemoteSwiftPackageReference "SwiftyStoreKit" */;
			productName = SwiftyStoreKit;
		};
		E03129A42997579A0015287F /* SwiftDate */ = {
			isa = XCSwiftPackageProductDependency;
			package = E031299D299757050015287F /* XCRemoteSwiftPackageReference "SwiftDate" */;
			productName = SwiftDate;
		};
		E03129A7299757DE0015287F /* MIDataStore */ = {
			isa = XCSwiftPackageProductDependency;
			package = E03129A6299757DE0015287F /* XCRemoteSwiftPackageReference "mi-data-store" */;
			productName = MIDataStore;
		};
		E03129AE29975A3A0015287F /* SwiftyUserInterface */ = {
			isa = XCSwiftPackageProductDependency;
			productName = SwiftyUserInterface;
		};
		E0D71A30299E002F00E79F2F /* SwiftDate */ = {
			isa = XCSwiftPackageProductDependency;
			package = E031299D299757050015287F /* XCRemoteSwiftPackageReference "SwiftDate" */;
			productName = SwiftDate;
		};
/* End XCSwiftPackageProductDependency section */

/* Begin XCVersionGroup section */
		E031295B299741B30015287F /* Countdown.xcdatamodeld */ = {
			isa = XCVersionGroup;
			children = (
				E031295C299741B30015287F /* Countdown.xcdatamodel */,
			);
			currentVersion = E031295C299741B30015287F /* Countdown.xcdatamodel */;
			path = Countdown.xcdatamodeld;
			sourceTree = "<group>";
			versionGroupType = wrapper.xcdatamodel;
		};
/* End XCVersionGroup section */
	};
	rootObject = E0312945299741B20015287F /* Project object */;
}
